// !$*UTF8*$!
{
	archiveVersion = 1;
	classes = {
	};
	objectVersion = 55;
	objects = {

/* Begin PBXBuildFile section */
		1E63CFC72820266600FF5AC2 /* Source.cpp in Sources */ = {isa = PBXBuildFile; fileRef = 1E63CFC1282024CE00FF5AC2 /* Source.cpp */; };
		1E63CFC82820266900FF5AC2 /* Array.cpp in Sources */ = {isa = PBXBuildFile; fileRef = 1E63CFBE282024BE00FF5AC2 /* Array.cpp */; };
		1E63CFC92820266B00FF5AC2 /* Vector.cpp in Sources */ = {isa = PBXBuildFile; fileRef = 1E63CFBB282024B100FF5AC2 /* Vector.cpp */; };
		1E63CFCA2820267000FF5AC2 /* Complex.cpp in Sources */ = {isa = PBXBuildFile; fileRef = 1E63CFB8282024A100FF5AC2 /* Complex.cpp */; };
/* End PBXBuildFile section */

/* Begin PBXCopyFilesBuildPhase section */
		1E63CF942820232200FF5AC2 /* CopyFiles */ = {
			isa = PBXCopyFilesBuildPhase;
			buildActionMask = 2147483647;
			dstPath = /usr/share/man/man1/;
			dstSubfolderSpec = 0;
			files = (
			);
			runOnlyForDeploymentPostprocessing = 1;
		};
/* End PBXCopyFilesBuildPhase section */

/* Begin PBXFileReference section */
		1E63CF962820232200FF5AC2 /* lab4_2oop */ = {isa = PBXFileReference; explicitFileType = "compiled.mach-o.executable"; includeInIndex = 0; path = lab4_2oop; sourceTree = BUILT_PRODUCTS_DIR; };
		1E63CFB62820248E00FF5AC2 /* Norma.hpp */ = {isa = PBXFileReference; lastKnownFileType = sourcecode.cpp.h; path = Norma.hpp; sourceTree = "<group>"; };
		1E63CFB8282024A100FF5AC2 /* Complex.cpp */ = {isa = PBXFileReference; lastKnownFileType = sourcecode.cpp.cpp; path = Complex.cpp; sourceTree = "<group>"; };
		1E63CFB9282024A100FF5AC2 /* Complex.hpp */ = {isa = PBXFileReference; lastKnownFileType = sourcecode.cpp.h; path = Complex.hpp; sourceTree = "<group>"; };
		1E63CFBB282024B100FF5AC2 /* Vector.cpp */ = {isa = PBXFileReference; lastKnownFileType = sourcecode.cpp.cpp; path = Vector.cpp; sourceTree = "<group>"; };
		1E63CFBC282024B100FF5AC2 /* Vector.hpp */ = {isa = PBXFileReference; lastKnownFileType = sourcecode.cpp.h; path = Vector.hpp; sourceTree = "<group>"; };
		1E63CFBE282024BE00FF5AC2 /* Array.cpp */ = {isa = PBXFileReference; lastKnownFileType = sourcecode.cpp.cpp; path = Array.cpp; sourceTree = "<group>"; };
		1E63CFBF282024BE00FF5AC2 /* Array.hpp */ = {isa = PBXFileReference; lastKnownFileType = sourcecode.cpp.h; path = Array.hpp; sourceTree = "<group>"; };
		1E63CFC1282024CE00FF5AC2 /* Source.cpp */ = {isa = PBXFileReference; lastKnownFileType = sourcecode.cpp.cpp; path = Source.cpp; sourceTree = "<group>"; };
		1E63CFC3282024D900FF5AC2 /* catch.cpp */ = {isa = PBXFileReference; lastKnownFileType = sourcecode.cpp.cpp; path = catch.cpp; sourceTree = "<group>"; };
		1E63CFC4282024D900FF5AC2 /* catch.hpp */ = {isa = PBXFileReference; lastKnownFileType = sourcecode.cpp.h; path = catch.hpp; sourceTree = "<group>"; };
/* End PBXFileReference section */

/* Begin PBXFrameworksBuildPhase section */
		1E63CF932820232200FF5AC2 /* Frameworks */ = {
			isa = PBXFrameworksBuildPhase;
			buildActionMask = 2147483647;
			files = (
			);
			runOnlyForDeploymentPostprocessing = 0;
		};
/* End PBXFrameworksBuildPhase section */

/* Begin PBXGroup section */
		1E63CF8D2820232200FF5AC2 = {
			isa = PBXGroup;
			children = (
				1E63CF982820232200FF5AC2 /* lab4_2oop */,
				1E63CF972820232200FF5AC2 /* Products */,
			);
			sourceTree = "<group>";
		};
		1E63CF972820232200FF5AC2 /* Products */ = {
			isa = PBXGroup;
			children = (
				1E63CF962820232200FF5AC2 /* lab4_2oop */,
			);
			name = Products;
			sourceTree = "<group>";
		};
		1E63CF982820232200FF5AC2 /* lab4_2oop */ = {
			isa = PBXGroup;
			children = (
				1E63CFB62820248E00FF5AC2 /* Norma.hpp */,
				1E63CFB8282024A100FF5AC2 /* Complex.cpp */,
				1E63CFB9282024A100FF5AC2 /* Complex.hpp */,
				1E63CFBB282024B100FF5AC2 /* Vector.cpp */,
				1E63CFBC282024B100FF5AC2 /* Vector.hpp */,
				1E63CFBE282024BE00FF5AC2 /* Array.cpp */,
				1E63CFBF282024BE00FF5AC2 /* Array.hpp */,
				1E63CFC1282024CE00FF5AC2 /* Source.cpp */,
				1E63CFC3282024D900FF5AC2 /* catch.cpp */,
				1E63CFC4282024D900FF5AC2 /* catch.hpp */,
			);
			path = lab4_2oop;
			sourceTree = "<group>";
		};
/* End PBXGroup section */

/* Begin PBXNativeTarget section */
		1E63CF952820232200FF5AC2 /* lab4_2oop */ = {
			isa = PBXNativeTarget;
			buildConfigurationList = 1E63CF9D2820232200FF5AC2 /* Build configuration list for PBXNativeTarget "lab4_2oop" */;
			buildPhases = (
				1E63CF922820232200FF5AC2 /* Sources */,
				1E63CF932820232200FF5AC2 /* Frameworks */,
				1E63CF942820232200FF5AC2 /* CopyFiles */,
			);
			buildRules = (
			);
			dependencies = (
			);
			name = lab4_2oop;
			productName = lab4_2oop;
			productReference = 1E63CF962820232200FF5AC2 /* lab4_2oop */;
			productType = "com.apple.product-type.tool";
		};
/* End PBXNativeTarget section */

/* Begin PBXProject section */
		1E63CF8E2820232200FF5AC2 /* Project object */ = {
			isa = PBXProject;
			attributes = {
				BuildIndependentTargetsInParallel = 1;
				LastUpgradeCheck = 1320;
				TargetAttributes = {
					1E63CF952820232200FF5AC2 = {
						CreatedOnToolsVersion = 13.2.1;
					};
				};
			};
			buildConfigurationList = 1E63CF912820232200FF5AC2 /* Build configuration list for PBXProject "lab4_2oop" */;
			compatibilityVersion = "Xcode 13.0";
			developmentRegion = en;
			hasScannedForEncodings = 0;
			knownRegions = (
				en,
				Base,
			);
			mainGroup = 1E63CF8D2820232200FF5AC2;
			productRefGroup = 1E63CF972820232200FF5AC2 /* Products */;
			projectDirPath = "";
			projectRoot = "";
			targets = (
				1E63CF952820232200FF5AC2 /* lab4_2oop */,
			);
		};
/* End PBXProject section */

/* Begin PBXSourcesBuildPhase section */
		1E63CF922820232200FF5AC2 /* Sources */ = {
			isa = PBXSourcesBuildPhase;
			buildActionMask = 2147483647;
			files = (
				1E63CFCA2820267000FF5AC2 /* Complex.cpp in Sources */,
				1E63CFC72820266600FF5AC2 /* Source.cpp in Sources */,
				1E63CFC82820266900FF5AC2 /* Array.cpp in Sources */,
				1E63CFC92820266B00FF5AC2 /* Vector.cpp in Sources */,
			);
			runOnlyForDeploymentPostprocessing = 0;
		};
/* End PBXSourcesBuildPhase section */

/* Begin XCBuildConfiguration section */
		1E63CF9B2820232200FF5AC2 /* Debug */ = {
			isa = XCBuildConfiguration;
			buildSettings = {
				ALWAYS_SEARCH_USER_PATHS = NO;
				CLANG_ANALYZER_NONNULL = YES;
				CLANG_ANALYZER_NUMBER_OBJECT_CONVERSION = YES_AGGRESSIVE;
				CLANG_CXX_LANGUAGE_STANDARD = "gnu++17";
				CLANG_CXX_LIBRARY = "libc++";
				CLANG_ENABLE_MODULES = YES;
				CLANG_ENABLE_OBJC_ARC = YES;
				CLANG_ENABLE_OBJC_WEAK = YES;
				CLANG_WARN_BLOCK_CAPTURE_AUTORELEASING = YES;
				CLANG_WARN_BOOL_CONVERSION = YES;
				CLANG_WARN_COMMA = YES;
				CLANG_WARN_CONSTANT_CONVERSION = YES;
				CLANG_WARN_DEPRECATED_OBJC_IMPLEMENTATIONS = YES;
				CLANG_WARN_DIRECT_OBJC_ISA_USAGE = YES_ERROR;
				CLANG_WARN_DOCUMENTATION_COMMENTS = YES;
				CLANG_WARN_EMPTY_BODY = YES;
				CLANG_WARN_ENUM_CONVERSION = YES;
				CLANG_WARN_INFINITE_RECURSION = YES;
				CLANG_WARN_INT_CONVERSION = YES;
				CLANG_WARN_NON_LITERAL_NULL_CONVERSION = YES;
				CLANG_WARN_OBJC_IMPLICIT_RETAIN_SELF = YES;
				CLANG_WARN_OBJC_LITERAL_CONVERSION = YES;
				CLANG_WARN_OBJC_ROOT_CLASS = YES_ERROR;
				CLANG_WARN_QUOTED_INCLUDE_IN_FRAMEWORK_HEADER = YES;
				CLANG_WARN_RANGE_LOOP_ANALYSIS = YES;
				CLANG_WARN_STRICT_PROTOTYPES = YES;
				CLANG_WARN_SUSPICIOUS_MOVE = YES;
				CLANG_WARN_UNGUARDED_AVAILABILITY = YES_AGGRESSIVE;
				CLANG_WARN_UNREACHABLE_CODE = YES;
				CLANG_WARN__DUPLICATE_METHOD_MATCH = YES;
				COPY_PHASE_STRIP = NO;
				DEBUG_INFORMATION_FORMAT = dwarf;
				ENABLE_STRICT_OBJC_MSGSEND = YES;
				ENABLE_TESTABILITY = YES;
				GCC_C_LANGUAGE_STANDARD = gnu11;
				GCC_DYNAMIC_NO_PIC = NO;
				GCC_NO_COMMON_BLOCKS = YES;
				GCC_OPTIMIZATION_LEVEL = 0;
				GCC_PREPROCESSOR_DEFINITIONS = (
					"DEBUG=1",
					"$(inherited)",
				);
				GCC_WARN_64_TO_32_BIT_CONVERSION = YES;
				GCC_WARN_ABOUT_RETURN_TYPE = YES_ERROR;
				GCC_WARN_UNDECLARED_SELECTOR = YES;
				GCC_WARN_UNINITIALIZED_AUTOS = YES_AGGRESSIVE;
				GCC_WARN_UNUSED_FUNCTION = YES;
				GCC_WARN_UNUSED_VARIABLE = YES;
				MACOSX_DEPLOYMENT_TARGET = 11.4;
				MTL_ENABLE_DEBUG_INFO = INCLUDE_SOURCE;
				MTL_FAST_MATH = YES;
				ONLY_ACTIVE_ARCH = YES;
				SDKROOT = macosx;
			};
			name = Debug;
		};
		1E63CF9C2820232200FF5AC2 /* Release */ = {
			isa = XCBuildConfiguration;
			buildSettings = {
				ALWAYS_SEARCH_USER_PATHS = NO;
				CLANG_ANALYZER_NONNULL = YES;
				CLANG_ANALYZER_NUMBER_OBJECT_CONVERSION = YES_AGGRESSIVE;
				CLANG_CXX_LANGUAGE_STANDARD = "gnu++17";
				CLANG_CXX_LIBRARY = "libc++";
				CLANG_ENABLE_MODULES = YES;
				CLANG_ENABLE_OBJC_ARC = YES;
				CLANG_ENABLE_OBJC_WEAK = YES;
				CLANG_WARN_BLOCK_CAPTURE_AUTORELEASING = YES;
				CLANG_WARN_BOOL_CONVERSION = YES;
				CLANG_WARN_COMMA = YES;
				CLANG_WARN_CONSTANT_CONVERSION = YES;
				CLANG_WARN_DEPRECATED_OBJC_IMPLEMENTATIONS = YES;
				CLANG_WARN_DIRECT_OBJC_ISA_USAGE = YES_ERROR;
				CLANG_WARN_DOCUMENTATION_COMMENTS = YES;
				CLANG_WARN_EMPTY_BODY = YES;
				CLANG_WARN_ENUM_CONVERSION = YES;
				CLANG_WARN_INFINITE_RECURSION = YES;
				CLANG_WARN_INT_CONVERSION = YES;
				CLANG_WARN_NON_LITERAL_NULL_CONVERSION = YES;
				CLANG_WARN_OBJC_IMPLICIT_RETAIN_SELF = YES;
				CLANG_WARN_OBJC_LITERAL_CONVERSION = YES;
				CLANG_WARN_OBJC_ROOT_CLASS = YES_ERROR;
				CLANG_WARN_QUOTED_INCLUDE_IN_FRAMEWORK_HEADER = YES;
				CLANG_WARN_RANGE_LOOP_ANALYSIS = YES;
				CLANG_WARN_STRICT_PROTOTYPES = YES;
				CLANG_WARN_SUSPICIOUS_MOVE = YES;
				CLANG_WARN_UNGUARDED_AVAILABILITY = YES_AGGRESSIVE;
				CLANG_WARN_UNREACHABLE_CODE = YES;
				CLANG_WARN__DUPLICATE_METHOD_MATCH = YES;
				COPY_PHASE_STRIP = NO;
				DEBUG_INFORMATION_FORMAT = "dwarf-with-dsym";
				ENABLE_NS_ASSERTIONS = NO;
				ENABLE_STRICT_OBJC_MSGSEND = YES;
				GCC_C_LANGUAGE_STANDARD = gnu11;
				GCC_NO_COMMON_BLOCKS = YES;
				GCC_WARN_64_TO_32_BIT_CONVERSION = YES;
				GCC_WARN_ABOUT_RETURN_TYPE = YES_ERROR;
				GCC_WARN_UNDECLARED_SELECTOR = YES;
				GCC_WARN_UNINITIALIZED_AUTOS = YES_AGGRESSIVE;
				GCC_WARN_UNUSED_FUNCTION = YES;
				GCC_WARN_UNUSED_VARIABLE = YES;
				MACOSX_DEPLOYMENT_TARGET = 11.4;
				MTL_ENABLE_DEBUG_INFO = NO;
				MTL_FAST_MATH = YES;
				SDKROOT = macosx;
			};
			name = Release;
		};
		1E63CF9E2820232200FF5AC2 /* Debug */ = {
			isa = XCBuildConfiguration;
			buildSettings = {
				CODE_SIGN_STYLE = Automatic;
				PRODUCT_NAME = "$(TARGET_NAME)";
			};
			name = Debug;
		};
		1E63CF9F2820232200FF5AC2 /* Release */ = {
			isa = XCBuildConfiguration;
			buildSettings = {
				CODE_SIGN_STYLE = Automatic;
				PRODUCT_NAME = "$(TARGET_NAME)";
			};
			name = Release;
		};
/* End XCBuildConfiguration section */

/* Begin XCConfigurationList section */
		1E63CF912820232200FF5AC2 /* Build configuration list for PBXProject "lab4_2oop" */ = {
			isa = XCConfigurationList;
			buildConfigurations = (
				1E63CF9B2820232200FF5AC2 /* Debug */,
				1E63CF9C2820232200FF5AC2 /* Release */,
			);
			defaultConfigurationIsVisible = 0;
			defaultConfigurationName = Release;
		};
		1E63CF9D2820232200FF5AC2 /* Build configuration list for PBXNativeTarget "lab4_2oop" */ = {
			isa = XCConfigurationList;
			buildConfigurations = (
				1E63CF9E2820232200FF5AC2 /* Debug */,
				1E63CF9F2820232200FF5AC2 /* Release */,
			);
			defaultConfigurationIsVisible = 0;
			defaultConfigurationName = Release;
		};
/* End XCConfigurationList section */
	};
	rootObject = 1E63CF8E2820232200FF5AC2 /* Project object */;
}
